{
  "name": "three",
  "version": "1.0.0",
  "lockfileVersion": 1,
  "requires": true,
  "dependencies": {
    "immer": {
      "version": "7.0.7",
      "resolved": "https://registry.npmjs.org/immer/-/immer-7.0.7.tgz",
      "integrity": "sha512-Q8yYwVADJXrNfp1ZUAh4XDHkcoE3wpdpb4mC5abDSajs2EbW8+cGdPyAnglMyLnm7EF6ojD2xBFX7L5i4TIytw=="
    },
    "object-path": {
      "version": "0.11.4",
      "resolved": "https://registry.npmjs.org/object-path/-/object-path-0.11.4.tgz",
      "integrity": "sha1-NwrnUvvzfePqcKhhwju6iRVpGUk=",
      "dev": true
    }
  }
}
